{
  "requires": true,
  "lockfileVersion": 1,
  "dependencies": {
    "typescript": {
      "version": "3.0.0-insiders.20180706",
      "resolved": "http://artifact01u:8081/artifactory/api/npm/aptNpm/typescript/-/typescript-3.0.0-insiders.20180706.tgz?dl=https://registry.npmjs.org/typescript/-/typescript-3.0.0-insiders.20180706.tgz",
      "integrity": "sha1-aExsjKHu+xHnm2wHKpIEb/11GE4=",
      "dev": true
    }
  }
}
